
Microsoft Visual Studio Solution File, Format Version 12.00
# Visual Studio Version 17
VisualStudioVersion = 17.1.32407.343
MinimumVisualStudioVersion = 10.0.40219.1
Project("{FAE04EC0-301F-11D3-BF4B-00C04F79EFBC}") = "AuthoHome-Autostart", "AuthoHome-Autostart.csproj", "{B2C9EDB4-30D2-45D8-8658-B352DC24324A}"
EndProject
Project("{FAE04EC0-301F-11D3-BF4B-00C04F79EFBC}") = "AuthoHome-Autostart.Tests.xUnit", "..\AuthoHome-Autostart.Tests.xUnit\AuthoHome-Autostart.Tests.xUnit.csproj", "{BEF2992F-534C-4A3A-9D18-25739AA7EA0C}"
EndProject
Project("{9A19103F-16F7-4668-BE54-9A1E7A4F7556}") = "AuthoHome-Autostart.Core", "..\AuthoHome-Autostart.Core\AuthoHome-Autostart.Core.csproj", "{5ED0FCE9-9950-4543-920E-6E9DB6D728E3}"
EndProject
Project("{9A19103F-16F7-4668-BE54-9A1E7A4F7556}") = "AuthoHome-Autostart.Core.Tests.xUnit", "..\AuthoHome-Autostart.Core.Tests.xUnit\AuthoHome-Autostart.Core.Tests.xUnit.csproj", "{96AEB65B-7D67-48DB-A20D-8989873BABBA}"
EndProject
Global
	GlobalSection(SolutionConfigurationPlatforms) = preSolution
		Debug|Any CPU = Debug|Any CPU
		Debug|ARM = Debug|ARM
		Debug|ARM64 = Debug|ARM64
		Debug|x64 = Debug|x64
		Debug|x86 = Debug|x86
		Release|Any CPU = Release|Any CPU
		Release|ARM = Release|ARM
		Release|ARM64 = Release|ARM64
		Release|x64 = Release|x64
		Release|x86 = Release|x86
	EndGlobalSection
	GlobalSection(ProjectConfigurationPlatforms) = postSolution
		{B2C9EDB4-30D2-45D8-8658-B352DC24324A}.Debug|Any CPU.ActiveCfg = Debug|x64
		{B2C9EDB4-30D2-45D8-8658-B352DC24324A}.Debug|Any CPU.Build.0 = Debug|x64
		{B2C9EDB4-30D2-45D8-8658-B352DC24324A}.Debug|Any CPU.Deploy.0 = Debug|x64
		{B2C9EDB4-30D2-45D8-8658-B352DC24324A}.Debug|ARM.ActiveCfg = Debug|ARM
		{B2C9EDB4-30D2-45D8-8658-B352DC24324A}.Debug|ARM.Build.0 = Debug|ARM
		{B2C9EDB4-30D2-45D8-8658-B352DC24324A}.Debug|ARM.Deploy.0 = Debug|ARM
		{B2C9EDB4-30D2-45D8-8658-B352DC24324A}.Debug|ARM64.ActiveCfg = Debug|ARM64
		{B2C9EDB4-30D2-45D8-8658-B352DC24324A}.Debug|ARM64.Build.0 = Debug|ARM64
		{B2C9EDB4-30D2-45D8-8658-B352DC24324A}.Debug|ARM64.Deploy.0 = Debug|ARM64
		{B2C9EDB4-30D2-45D8-8658-B352DC24324A}.Debug|x64.ActiveCfg = Debug|x64
		{B2C9EDB4-30D2-45D8-8658-B352DC24324A}.Debug|x64.Build.0 = Debug|x64
		{B2C9EDB4-30D2-45D8-8658-B352DC24324A}.Debug|x64.Deploy.0 = Debug|x64
		{B2C9EDB4-30D2-45D8-8658-B352DC24324A}.Debug|x86.ActiveCfg = Debug|x86
		{B2C9EDB4-30D2-45D8-8658-B352DC24324A}.Debug|x86.Build.0 = Debug|x86
		{B2C9EDB4-30D2-45D8-8658-B352DC24324A}.Debug|x86.Deploy.0 = Debug|x86
		{B2C9EDB4-30D2-45D8-8658-B352DC24324A}.Release|Any CPU.ActiveCfg = Release|x64
		{B2C9EDB4-30D2-45D8-8658-B352DC24324A}.Release|Any CPU.Build.0 = Release|x64
		{B2C9EDB4-30D2-45D8-8658-B352DC24324A}.Release|Any CPU.Deploy.0 = Release|x64
		{B2C9EDB4-30D2-45D8-8658-B352DC24324A}.Release|ARM.ActiveCfg = Release|ARM
		{B2C9EDB4-30D2-45D8-8658-B352DC24324A}.Release|ARM.Build.0 = Release|ARM
		{B2C9EDB4-30D2-45D8-8658-B352DC24324A}.Release|ARM.Deploy.0 = Release|ARM
		{B2C9EDB4-30D2-45D8-8658-B352DC24324A}.Release|ARM64.ActiveCfg = Release|ARM64
		{B2C9EDB4-30D2-45D8-8658-B352DC24324A}.Release|ARM64.Build.0 = Release|ARM64
		{B2C9EDB4-30D2-45D8-8658-B352DC24324A}.Release|ARM64.Deploy.0 = Release|ARM64
		{B2C9EDB4-30D2-45D8-8658-B352DC24324A}.Release|x64.ActiveCfg = Release|x64
		{B2C9EDB4-30D2-45D8-8658-B352DC24324A}.Release|x64.Build.0 = Release|x64
		{B2C9EDB4-30D2-45D8-8658-B352DC24324A}.Release|x64.Deploy.0 = Release|x64
		{B2C9EDB4-30D2-45D8-8658-B352DC24324A}.Release|x86.ActiveCfg = Release|x86
		{B2C9EDB4-30D2-45D8-8658-B352DC24324A}.Release|x86.Build.0 = Release|x86
		{B2C9EDB4-30D2-45D8-8658-B352DC24324A}.Release|x86.Deploy.0 = Release|x86
		{BEF2992F-534C-4A3A-9D18-25739AA7EA0C}.Debug|Any CPU.ActiveCfg = Debug|x64
		{BEF2992F-534C-4A3A-9D18-25739AA7EA0C}.Debug|Any CPU.Build.0 = Debug|x64
		{BEF2992F-534C-4A3A-9D18-25739AA7EA0C}.Debug|Any CPU.Deploy.0 = Debug|x64
		{BEF2992F-534C-4A3A-9D18-25739AA7EA0C}.Debug|ARM.ActiveCfg = Debug|ARM
		{BEF2992F-534C-4A3A-9D18-25739AA7EA0C}.Debug|ARM.Build.0 = Debug|ARM
		{BEF2992F-534C-4A3A-9D18-25739AA7EA0C}.Debug|ARM.Deploy.0 = Debug|ARM
		{BEF2992F-534C-4A3A-9D18-25739AA7EA0C}.Debug|ARM64.ActiveCfg = Debug|x64
		{BEF2992F-534C-4A3A-9D18-25739AA7EA0C}.Debug|ARM64.Build.0 = Debug|x64
		{BEF2992F-534C-4A3A-9D18-25739AA7EA0C}.Debug|ARM64.Deploy.0 = Debug|x64
		{BEF2992F-534C-4A3A-9D18-25739AA7EA0C}.Debug|x64.ActiveCfg = Debug|x64
		{BEF2992F-534C-4A3A-9D18-25739AA7EA0C}.Debug|x64.Build.0 = Debug|x64
		{BEF2992F-534C-4A3A-9D18-25739AA7EA0C}.Debug|x64.Deploy.0 = Debug|x64
		{BEF2992F-534C-4A3A-9D18-25739AA7EA0C}.Debug|x86.ActiveCfg = Debug|x86
		{BEF2992F-534C-4A3A-9D18-25739AA7EA0C}.Debug|x86.Build.0 = Debug|x86
		{BEF2992F-534C-4A3A-9D18-25739AA7EA0C}.Debug|x86.Deploy.0 = Debug|x86
		{BEF2992F-534C-4A3A-9D18-25739AA7EA0C}.Release|Any CPU.ActiveCfg = Release|x64
		{BEF2992F-534C-4A3A-9D18-25739AA7EA0C}.Release|Any CPU.Build.0 = Release|x64
		{BEF2992F-534C-4A3A-9D18-25739AA7EA0C}.Release|Any CPU.Deploy.0 = Release|x64
		{BEF2992F-534C-4A3A-9D18-25739AA7EA0C}.Release|ARM.ActiveCfg = Release|ARM
		{BEF2992F-534C-4A3A-9D18-25739AA7EA0C}.Release|ARM.Build.0 = Release|ARM
		{BEF2992F-534C-4A3A-9D18-25739AA7EA0C}.Release|ARM.Deploy.0 = Release|ARM
		{BEF2992F-534C-4A3A-9D18-25739AA7EA0C}.Release|ARM64.ActiveCfg = Release|x64
		{BEF2992F-534C-4A3A-9D18-25739AA7EA0C}.Release|ARM64.Build.0 = Release|x64
		{BEF2992F-534C-4A3A-9D18-25739AA7EA0C}.Release|ARM64.Deploy.0 = Release|x64
		{BEF2992F-534C-4A3A-9D18-25739AA7EA0C}.Release|x64.ActiveCfg = Release|x64
		{BEF2992F-534C-4A3A-9D18-25739AA7EA0C}.Release|x64.Build.0 = Release|x64
		{BEF2992F-534C-4A3A-9D18-25739AA7EA0C}.Release|x64.Deploy.0 = Release|x64
		{BEF2992F-534C-4A3A-9D18-25739AA7EA0C}.Release|x86.ActiveCfg = Release|x86
		{BEF2992F-534C-4A3A-9D18-25739AA7EA0C}.Release|x86.Build.0 = Release|x86
		{BEF2992F-534C-4A3A-9D18-25739AA7EA0C}.Release|x86.Deploy.0 = Release|x86
		{5ED0FCE9-9950-4543-920E-6E9DB6D728E3}.Debug|Any CPU.ActiveCfg = Debug|Any CPU
		{5ED0FCE9-9950-4543-920E-6E9DB6D728E3}.Debug|Any CPU.Build.0 = Debug|Any CPU
		{5ED0FCE9-9950-4543-920E-6E9DB6D728E3}.Debug|ARM.ActiveCfg = Debug|Any CPU
		{5ED0FCE9-9950-4543-920E-6E9DB6D728E3}.Debug|ARM.Build.0 = Debug|Any CPU
		{5ED0FCE9-9950-4543-920E-6E9DB6D728E3}.Debug|ARM64.ActiveCfg = Debug|Any CPU
		{5ED0FCE9-9950-4543-920E-6E9DB6D728E3}.Debug|ARM64.Build.0 = Debug|Any CPU
		{5ED0FCE9-9950-4543-920E-6E9DB6D728E3}.Debug|x64.ActiveCfg = Debug|Any CPU
		{5ED0FCE9-9950-4543-920E-6E9DB6D728E3}.Debug|x64.Build.0 = Debug|Any CPU
		{5ED0FCE9-9950-4543-920E-6E9DB6D728E3}.Debug|x86.ActiveCfg = Debug|Any CPU
		{5ED0FCE9-9950-4543-920E-6E9DB6D728E3}.Debug|x86.Build.0 = Debug|Any CPU
		{5ED0FCE9-9950-4543-920E-6E9DB6D728E3}.Release|Any CPU.ActiveCfg = Release|Any CPU
		{5ED0FCE9-9950-4543-920E-6E9DB6D728E3}.Release|Any CPU.Build.0 = Release|Any CPU
		{5ED0FCE9-9950-4543-920E-6E9DB6D728E3}.Release|ARM.ActiveCfg = Release|Any CPU
		{5ED0FCE9-9950-4543-920E-6E9DB6D728E3}.Release|ARM.Build.0 = Release|Any CPU
		{5ED0FCE9-9950-4543-920E-6E9DB6D728E3}.Release|ARM64.ActiveCfg = Release|Any CPU
		{5ED0FCE9-9950-4543-920E-6E9DB6D728E3}.Release|ARM64.Build.0 = Release|Any CPU
		{5ED0FCE9-9950-4543-920E-6E9DB6D728E3}.Release|x64.ActiveCfg = Release|Any CPU
		{5ED0FCE9-9950-4543-920E-6E9DB6D728E3}.Release|x64.Build.0 = Release|Any CPU
		{5ED0FCE9-9950-4543-920E-6E9DB6D728E3}.Release|x86.ActiveCfg = Release|Any CPU
		{5ED0FCE9-9950-4543-920E-6E9DB6D728E3}.Release|x86.Build.0 = Release|Any CPU
		{96AEB65B-7D67-48DB-A20D-8989873BABBA}.Debug|Any CPU.ActiveCfg = Debug|Any CPU
		{96AEB65B-7D67-48DB-A20D-8989873BABBA}.Debug|Any CPU.Build.0 = Debug|Any CPU
		{96AEB65B-7D67-48DB-A20D-8989873BABBA}.Debug|ARM.ActiveCfg = Debug|Any CPU
		{96AEB65B-7D67-48DB-A20D-8989873BABBA}.Debug|ARM.Build.0 = Debug|Any CPU
		{96AEB65B-7D67-48DB-A20D-8989873BABBA}.Debug|ARM64.ActiveCfg = Debug|Any CPU
		{96AEB65B-7D67-48DB-A20D-8989873BABBA}.Debug|ARM64.Build.0 = Debug|Any CPU
		{96AEB65B-7D67-48DB-A20D-8989873BABBA}.Debug|x64.ActiveCfg = Debug|Any CPU
		{96AEB65B-7D67-48DB-A20D-8989873BABBA}.Debug|x64.Build.0 = Debug|Any CPU
		{96AEB65B-7D67-48DB-A20D-8989873BABBA}.Debug|x86.ActiveCfg = Debug|Any CPU
		{96AEB65B-7D67-48DB-A20D-8989873BABBA}.Debug|x86.Build.0 = Debug|Any CPU
		{96AEB65B-7D67-48DB-A20D-8989873BABBA}.Release|Any CPU.ActiveCfg = Release|Any CPU
		{96AEB65B-7D67-48DB-A20D-8989873BABBA}.Release|Any CPU.Build.0 = Release|Any CPU
		{96AEB65B-7D67-48DB-A20D-8989873BABBA}.Release|ARM.ActiveCfg = Release|Any CPU
		{96AEB65B-7D67-48DB-A20D-8989873BABBA}.Release|ARM.Build.0 = Release|Any CPU
		{96AEB65B-7D67-48DB-A20D-8989873BABBA}.Release|ARM64.ActiveCfg = Release|Any CPU
		{96AEB65B-7D67-48DB-A20D-8989873BABBA}.Release|ARM64.Build.0 = Release|Any CPU
		{96AEB65B-7D67-48DB-A20D-8989873BABBA}.Release|x64.ActiveCfg = Release|Any CPU
		{96AEB65B-7D67-48DB-A20D-8989873BABBA}.Release|x64.Build.0 = Release|Any CPU
		{96AEB65B-7D67-48DB-A20D-8989873BABBA}.Release|x86.ActiveCfg = Release|Any CPU
		{96AEB65B-7D67-48DB-A20D-8989873BABBA}.Release|x86.Build.0 = Release|Any CPU
	EndGlobalSection
	GlobalSection(SolutionProperties) = preSolution
		HideSolutionNode = FALSE
	EndGlobalSection
	GlobalSection(ExtensibilityGlobals) = postSolution
		SolutionGuid = {CF8671A6-51C7-4A8A-83FF-6211F7A6505C}
	EndGlobalSection
EndGlobal
